// !$*UTF8*$!
{
	archiveVersion = 1;
	classes = {
	};
	objectVersion = 48;
	objects = {

/* Begin PBXBuildFile section */
		CE0439F720516692000E23F3 /* FacebookPage1Controller.swift in Sources */ = {isa = PBXBuildFile; fileRef = CE0439F620516692000E23F3 /* FacebookPage1Controller.swift */; };
		CE0439F920516FB5000E23F3 /* HistoryPage1Controller.swift in Sources */ = {isa = PBXBuildFile; fileRef = CE0439F820516FB5000E23F3 /* HistoryPage1Controller.swift */; };
		CE180CE220517ED900DAB33F /* Reports1ViewController.swift in Sources */ = {isa = PBXBuildFile; fileRef = CE180CE120517ED900DAB33F /* Reports1ViewController.swift */; };
		CE180CE62051867D00DAB33F /* Player1ViewController.swift in Sources */ = {isa = PBXBuildFile; fileRef = CE180CE52051867D00DAB33F /* Player1ViewController.swift */; };
		CE180CEA205188A900DAB33F /* TwitterPage1Controller.swift in Sources */ = {isa = PBXBuildFile; fileRef = CE180CE9205188A900DAB33F /* TwitterPage1Controller.swift */; };
		CE3A15CC204D9DC800E5CF05 /* Main.storyboard in Resources */ = {isa = PBXBuildFile; fileRef = CE3A15CA204D9DC700E5CF05 /* Main.storyboard */; };
		CE517DFE2056C82500076DF5 /* Radio1ViewController.swift in Sources */ = {isa = PBXBuildFile; fileRef = CE517DFD2056C82400076DF5 /* Radio1ViewController.swift */; };
		CE517DFF2056CC8400076DF5 /* LeagueTableController.swift in Sources */ = {isa = PBXBuildFile; fileRef = CE517DFB2056B82D00076DF5 /* LeagueTableController.swift */; };
		CE76953A2057EA8B009E8B79 /* XCTest.framework in Frameworks */ = {isa = PBXBuildFile; fileRef = CEEBF22A204E9FEB002B928A /* XCTest.framework */; };
		CE76953B2057EAAD009E8B79 /* XCTest.framework in Frameworks */ = {isa = PBXBuildFile; fileRef = CEEBF22A204E9FEB002B928A /* XCTest.framework */; };
		CE7695412057EEB9009E8B79 /* FromeTownLadies1ViewController.swift in Sources */ = {isa = PBXBuildFile; fileRef = CE7695402057EEB9009E8B79 /* FromeTownLadies1ViewController.swift */; };
		CE7695432057F9AE009E8B79 /* FromeTownRobinsTwitter1Controller.swift in Sources */ = {isa = PBXBuildFile; fileRef = CE7695422057F9AE009E8B79 /* FromeTownRobinsTwitter1Controller.swift */; };
		CE7695452057FB15009E8B79 /* Instagram1ViewController.swift in Sources */ = {isa = PBXBuildFile; fileRef = CE7695442057FB15009E8B79 /* Instagram1ViewController.swift */; };
		CE7695472057FC1A009E8B79 /* FromeTownRobinsFacebook1Controller.swift in Sources */ = {isa = PBXBuildFile; fileRef = CE7695462057FC19009E8B79 /* FromeTownRobinsFacebook1Controller.swift */; };
		CE76954B2057FD8D009E8B79 /* Videos1ViewController.swift in Sources */ = {isa = PBXBuildFile; fileRef = CE76954A2057FD8D009E8B79 /* Videos1ViewController.swift */; };
		CE76954D2057FEF8009E8B79 /* Fourth1ViewController.swift in Sources */ = {isa = PBXBuildFile; fileRef = CE76954C2057FEF8009E8B79 /* Fourth1ViewController.swift */; };
		CE76954F205800B3009E8B79 /* RoundButton1.swift in Sources */ = {isa = PBXBuildFile; fileRef = CE76954E205800B3009E8B79 /* RoundButton1.swift */; };
		CE769551205800EA009E8B79 /* RoundCorners1.swift in Sources */ = {isa = PBXBuildFile; fileRef = CE769550205800EA009E8B79 /* RoundCorners1.swift */; };
		CE769553205809A0009E8B79 /* FromeTown1LaunchScreen.storyboard in Resources */ = {isa = PBXBuildFile; fileRef = CE769552205809A0009E8B79 /* FromeTown1LaunchScreen.storyboard */; };
		CEB834ED204D7369000C83C1 /* IMAGES.xcassets in Resources */ = {isa = PBXBuildFile; fileRef = CEB834EC204D7369000C83C1 /* IMAGES.xcassets */; };
		CEB834F2204D7552000C83C1 /* AppDelegate.swift in Sources */ = {isa = PBXBuildFile; fileRef = CEB834F1204D7552000C83C1 /* AppDelegate.swift */; };
		CEB834F8204D7560000C83C1 /* FirstViewController.swift in Sources */ = {isa = PBXBuildFile; fileRef = CEB834F4204D7560000C83C1 /* FirstViewController.swift */; };
		CEBA3172204D8C1700307059 /* InfoMain.plist in Resources */ = {isa = PBXBuildFile; fileRef = 9798EA421F791B2F00106ABF /* InfoMain.plist */; };
		CEE0BC8220501B1D00DA1A2D /* Frome TownTests.xctest in Resources */ = {isa = PBXBuildFile; fileRef = CEEBF25120501691002B928A /* Frome TownTests.xctest */; };
		CEE0BC8320501B2100DA1A2D /* Frome TownUITests.xctest in Resources */ = {isa = PBXBuildFile; fileRef = CEEBF2432050167F002B928A /* Frome TownUITests.xctest */; };
		CEEBF2462050167F002B928A /* Frome_TownUITests.swift in Sources */ = {isa = PBXBuildFile; fileRef = CEEBF2452050167F002B928A /* Frome_TownUITests.swift */; };
		CEEBF25420501692002B928A /* Frome_TownTests.swift in Sources */ = {isa = PBXBuildFile; fileRef = CEEBF25320501692002B928A /* Frome_TownTests.swift */; };
/* End PBXBuildFile section */

/* Begin PBXContainerItemProxy section */
		CE76953C2057EBE7009E8B79 /* PBXContainerItemProxy */ = {
			isa = PBXContainerItemProxy;
			containerPortal = 9798EA291F791B2F00106ABF /* Project object */;
			proxyType = 1;
			remoteGlobalIDString = CEEBF25020501691002B928A;
			remoteInfo = "Frome TownTests";
		};
		CE76953E2057EBEE009E8B79 /* PBXContainerItemProxy */ = {
			isa = PBXContainerItemProxy;
			containerPortal = 9798EA291F791B2F00106ABF /* Project object */;
			proxyType = 1;
			remoteGlobalIDString = CEEBF2422050167F002B928A;
			remoteInfo = "Frome TownUITests";
		};
		CEEBF24820501680002B928A /* PBXContainerItemProxy */ = {
			isa = PBXContainerItemProxy;
			containerPortal = 9798EA291F791B2F00106ABF /* Project object */;
			proxyType = 1;
			remoteGlobalIDString = 9798EA301F791B2F00106ABF;
			remoteInfo = "Frome Town";
		};
		CEEBF25620501692002B928A /* PBXContainerItemProxy */ = {
			isa = PBXContainerItemProxy;
			containerPortal = 9798EA291F791B2F00106ABF /* Project object */;
			proxyType = 1;
			remoteGlobalIDString = 9798EA301F791B2F00106ABF;
			remoteInfo = "Frome Town";
		};
/* End PBXContainerItemProxy section */

/* Begin PBXCopyFilesBuildPhase section */
		CEEBF23D205010B7002B928A /* Embed App Extensions */ = {
			isa = PBXCopyFilesBuildPhase;
			buildActionMask = 2147483647;
			dstPath = "";
			dstSubfolderSpec = 13;
			files = (
			);
			name = "Embed App Extensions";
			runOnlyForDeploymentPostprocessing = 0;
		};
/* End PBXCopyFilesBuildPhase section */

/* Begin PBXFileReference section */
		9798EA311F791B2F00106ABF /* Frome Town.app */ = {isa = PBXFileReference; explicitFileType = wrapper.application; includeInIndex = 0; path = "Frome Town.app"; sourceTree = BUILT_PRODUCTS_DIR; };
		9798EA421F791B2F00106ABF /* InfoMain.plist */ = {isa = PBXFileReference; lastKnownFileType = text.plist.xml; name = InfoMain.plist; path = "../Frome-Town/Frome Town/InfoMain.plist"; sourceTree = "<group>"; };
		97E6EDB91F8FA89E0030A055 /* QuartzCore.framework */ = {isa = PBXFileReference; lastKnownFileType = wrapper.framework; name = QuartzCore.framework; path = System/Library/Frameworks/QuartzCore.framework; sourceTree = SDKROOT; };
		CE0439F620516692000E23F3 /* FacebookPage1Controller.swift */ = {isa = PBXFileReference; lastKnownFileType = sourcecode.swift; path = FacebookPage1Controller.swift; sourceTree = "<group>"; };
		CE0439F820516FB5000E23F3 /* HistoryPage1Controller.swift */ = {isa = PBXFileReference; lastKnownFileType = sourcecode.swift; path = HistoryPage1Controller.swift; sourceTree = "<group>"; };
		CE180CE120517ED900DAB33F /* Reports1ViewController.swift */ = {isa = PBXFileReference; lastKnownFileType = sourcecode.swift; name = Reports1ViewController.swift; path = /Users/user/Documents/FromeTownActualApp/../Reports1ViewController.swift; sourceTree = "<absolute>"; };
		CE180CE52051867D00DAB33F /* Player1ViewController.swift */ = {isa = PBXFileReference; lastKnownFileType = sourcecode.swift; path = Player1ViewController.swift; sourceTree = "<group>"; };
		CE180CE9205188A900DAB33F /* TwitterPage1Controller.swift */ = {isa = PBXFileReference; lastKnownFileType = sourcecode.swift; path = TwitterPage1Controller.swift; sourceTree = "<group>"; };
		CE3A15CB204D9DC700E5CF05 /* Base */ = {isa = PBXFileReference; lastKnownFileType = file.storyboard; name = Base; path = "../New Group/Base.lproj/Main.storyboard"; sourceTree = "<group>"; };
		CE517DFB2056B82D00076DF5 /* LeagueTableController.swift */ = {isa = PBXFileReference; lastKnownFileType = sourcecode.swift; path = LeagueTableController.swift; sourceTree = "<group>"; };
		CE517DFD2056C82400076DF5 /* Radio1ViewController.swift */ = {isa = PBXFileReference; fileEncoding = 4; lastKnownFileType = sourcecode.swift; path = Radio1ViewController.swift; sourceTree = "<group>"; };
		CE7695402057EEB9009E8B79 /* FromeTownLadies1ViewController.swift */ = {isa = PBXFileReference; lastKnownFileType = sourcecode.swift; path = FromeTownLadies1ViewController.swift; sourceTree = "<group>"; };
		CE7695422057F9AE009E8B79 /* FromeTownRobinsTwitter1Controller.swift */ = {isa = PBXFileReference; lastKnownFileType = sourcecode.swift; path = FromeTownRobinsTwitter1Controller.swift; sourceTree = "<group>"; };
		CE7695442057FB15009E8B79 /* Instagram1ViewController.swift */ = {isa = PBXFileReference; lastKnownFileType = sourcecode.swift; path = Instagram1ViewController.swift; sourceTree = "<group>"; };
		CE7695462057FC19009E8B79 /* FromeTownRobinsFacebook1Controller.swift */ = {isa = PBXFileReference; lastKnownFileType = sourcecode.swift; path = FromeTownRobinsFacebook1Controller.swift; sourceTree = "<group>"; };
		CE76954A2057FD8D009E8B79 /* Videos1ViewController.swift */ = {isa = PBXFileReference; lastKnownFileType = sourcecode.swift; path = Videos1ViewController.swift; sourceTree = "<group>"; };
		CE76954C2057FEF8009E8B79 /* Fourth1ViewController.swift */ = {isa = PBXFileReference; lastKnownFileType = sourcecode.swift; path = Fourth1ViewController.swift; sourceTree = "<group>"; };
		CE76954E205800B3009E8B79 /* RoundButton1.swift */ = {isa = PBXFileReference; lastKnownFileType = sourcecode.swift; path = RoundButton1.swift; sourceTree = "<group>"; };
		CE769550205800EA009E8B79 /* RoundCorners1.swift */ = {isa = PBXFileReference; lastKnownFileType = sourcecode.swift; path = RoundCorners1.swift; sourceTree = "<group>"; };
		CE769552205809A0009E8B79 /* FromeTown1LaunchScreen.storyboard */ = {isa = PBXFileReference; lastKnownFileType = file.storyboard; path = FromeTown1LaunchScreen.storyboard; sourceTree = "<group>"; };
		CEB834EC204D7369000C83C1 /* IMAGES.xcassets */ = {isa = PBXFileReference; lastKnownFileType = folder.assetcatalog; name = IMAGES.xcassets; path = ../IMAGES.xcassets; sourceTree = SOURCE_ROOT; };
		CEB834F1204D7552000C83C1 /* AppDelegate.swift */ = {isa = PBXFileReference; fileEncoding = 4; lastKnownFileType = sourcecode.swift; name = AppDelegate.swift; path = /Users/user/Documents/FromeTownActualApp/../AppDelegate.swift; sourceTree = "<absolute>"; };
		CEB834F4204D7560000C83C1 /* FirstViewController.swift */ = {isa = PBXFileReference; fileEncoding = 4; lastKnownFileType = sourcecode.swift; name = FirstViewController.swift; path = /Users/user/Documents/FromeTownActualApp/../FirstViewController.swift; sourceTree = "<absolute>"; };
		CEEBF229204E9FB5002B928A /* Frome Town.entitlements */ = {isa = PBXFileReference; lastKnownFileType = text.plist.entitlements; path = "Frome Town.entitlements"; sourceTree = "<group>"; };
		CEEBF22A204E9FEB002B928A /* XCTest.framework */ = {isa = PBXFileReference; lastKnownFileType = wrapper.framework; name = XCTest.framework; path = Platforms/iPhoneOS.platform/Developer/Library/Frameworks/XCTest.framework; sourceTree = DEVELOPER_DIR; };
		CEEBF2432050167F002B928A /* Frome TownUITests.xctest */ = {isa = PBXFileReference; explicitFileType = wrapper.cfbundle; includeInIndex = 0; path = "Frome TownUITests.xctest"; sourceTree = BUILT_PRODUCTS_DIR; };
		CEEBF2452050167F002B928A /* Frome_TownUITests.swift */ = {isa = PBXFileReference; lastKnownFileType = sourcecode.swift; path = Frome_TownUITests.swift; sourceTree = "<group>"; };
		CEEBF24720501680002B928A /* Info.plist */ = {isa = PBXFileReference; lastKnownFileType = text.plist.xml; path = Info.plist; sourceTree = "<group>"; };
		CEEBF25120501691002B928A /* Frome TownTests.xctest */ = {isa = PBXFileReference; explicitFileType = wrapper.cfbundle; includeInIndex = 0; path = "Frome TownTests.xctest"; sourceTree = BUILT_PRODUCTS_DIR; };
		CEEBF25320501692002B928A /* Frome_TownTests.swift */ = {isa = PBXFileReference; lastKnownFileType = sourcecode.swift; path = Frome_TownTests.swift; sourceTree = "<group>"; };
		CEEBF25520501692002B928A /* Info.plist */ = {isa = PBXFileReference; lastKnownFileType = text.plist.xml; path = Info.plist; sourceTree = "<group>"; };
/* End PBXFileReference section */

/* Begin PBXFrameworksBuildPhase section */
		9798EA2E1F791B2F00106ABF /* Frameworks */ = {
			isa = PBXFrameworksBuildPhase;
			buildActionMask = 2147483647;
			files = (
			);
			runOnlyForDeploymentPostprocessing = 0;
		};
		CEEBF2402050167F002B928A /* Frameworks */ = {
			isa = PBXFrameworksBuildPhase;
			buildActionMask = 2147483647;
			files = (
				CE76953A2057EA8B009E8B79 /* XCTest.framework in Frameworks */,
			);
			runOnlyForDeploymentPostprocessing = 0;
		};
		CEEBF24E20501691002B928A /* Frameworks */ = {
			isa = PBXFrameworksBuildPhase;
			buildActionMask = 2147483647;
			files = (
				CE76953B2057EAAD009E8B79 /* XCTest.framework in Frameworks */,
			);
			runOnlyForDeploymentPostprocessing = 0;
		};
/* End PBXFrameworksBuildPhase section */

/* Begin PBXGroup section */
		972CBA101F84DCD6008586DD /* Recovered References */ = {
			isa = PBXGroup;
			children = (
			);
			name = "Recovered References";
			sourceTree = "<group>";
		};
		974936861F7A88140031E6FF /* Frameworks */ = {
			isa = PBXGroup;
			children = (
				CEEBF22A204E9FEB002B928A /* XCTest.framework */,
				97E6EDB91F8FA89E0030A055 /* QuartzCore.framework */,
			);
			name = Frameworks;
			sourceTree = "<group>";
		};
		9798EA281F791B2F00106ABF = {
			isa = PBXGroup;
			children = (
				9798EA331F791B2F00106ABF /* Frome Town */,
				CEEBF2442050167F002B928A /* Frome TownUITests */,
				CEEBF25220501692002B928A /* Frome TownTests */,
				9798EA321F791B2F00106ABF /* Products */,
				974936861F7A88140031E6FF /* Frameworks */,
				972CBA101F84DCD6008586DD /* Recovered References */,
			);
			sourceTree = "<group>";
		};
		9798EA321F791B2F00106ABF /* Products */ = {
			isa = PBXGroup;
			children = (
				9798EA311F791B2F00106ABF /* Frome Town.app */,
				CEEBF2432050167F002B928A /* Frome TownUITests.xctest */,
				CEEBF25120501691002B928A /* Frome TownTests.xctest */,
			);
			name = Products;
			sourceTree = "<group>";
		};
		9798EA331F791B2F00106ABF /* Frome Town */ = {
			isa = PBXGroup;
			children = (
				CE76954A2057FD8D009E8B79 /* Videos1ViewController.swift */,
				CE517DFB2056B82D00076DF5 /* LeagueTableController.swift */,
				CEEBF229204E9FB5002B928A /* Frome Town.entitlements */,
				CEB834F1204D7552000C83C1 /* AppDelegate.swift */,
				CE0439F620516692000E23F3 /* FacebookPage1Controller.swift */,
				CEB834F4204D7560000C83C1 /* FirstViewController.swift */,
				CE76954C2057FEF8009E8B79 /* Fourth1ViewController.swift */,
				CE769552205809A0009E8B79 /* FromeTown1LaunchScreen.storyboard */,
				CE7695402057EEB9009E8B79 /* FromeTownLadies1ViewController.swift */,
				CE7695462057FC19009E8B79 /* FromeTownRobinsFacebook1Controller.swift */,
				CE7695422057F9AE009E8B79 /* FromeTownRobinsTwitter1Controller.swift */,
				CE3A15CA204D9DC700E5CF05 /* Main.storyboard */,
				CE7695442057FB15009E8B79 /* Instagram1ViewController.swift */,
				9798EA421F791B2F00106ABF /* InfoMain.plist */,
				CEB834EC204D7369000C83C1 /* IMAGES.xcassets */,
				CE0439F820516FB5000E23F3 /* HistoryPage1Controller.swift */,
				CE180CE52051867D00DAB33F /* Player1ViewController.swift */,
				CE76954E205800B3009E8B79 /* RoundButton1.swift */,
				CE517DFD2056C82400076DF5 /* Radio1ViewController.swift */,
				CE180CE120517ED900DAB33F /* Reports1ViewController.swift */,
				CE769550205800EA009E8B79 /* RoundCorners1.swift */,
				CE180CE9205188A900DAB33F /* TwitterPage1Controller.swift */,
			);
			name = "Frome Town";
			sourceTree = "<group>";
		};
		CEEBF2442050167F002B928A /* Frome TownUITests */ = {
			isa = PBXGroup;
			children = (
				CEEBF2452050167F002B928A /* Frome_TownUITests.swift */,
				CEEBF24720501680002B928A /* Info.plist */,
			);
			path = "Frome TownUITests";
			sourceTree = "<group>";
		};
		CEEBF25220501692002B928A /* Frome TownTests */ = {
			isa = PBXGroup;
			children = (
				CEEBF25320501692002B928A /* Frome_TownTests.swift */,
				CEEBF25520501692002B928A /* Info.plist */,
			);
			path = "Frome TownTests";
			sourceTree = "<group>";
		};
/* End PBXGroup section */

/* Begin PBXNativeTarget section */
		9798EA301F791B2F00106ABF /* Frome Town */ = {
			isa = PBXNativeTarget;
			buildConfigurationList = 9798EA501F791B2F00106ABF /* Build configuration list for PBXNativeTarget "Frome Town" */;
			buildPhases = (
				9798EA2D1F791B2F00106ABF /* Sources */,
				9798EA2E1F791B2F00106ABF /* Frameworks */,
				9798EA2F1F791B2F00106ABF /* Resources */,
				CEEBF23D205010B7002B928A /* Embed App Extensions */,
			);
			buildRules = (
			);
			dependencies = (
			);
			name = "Frome Town";
			productName = "Frome Town";
			productReference = 9798EA311F791B2F00106ABF /* Frome Town.app */;
			productType = "com.apple.product-type.application";
		};
		CEEBF2422050167F002B928A /* Frome TownUITests */ = {
			isa = PBXNativeTarget;
			buildConfigurationList = CEEBF24A20501680002B928A /* Build configuration list for PBXNativeTarget "Frome TownUITests" */;
			buildPhases = (
				CEEBF23F2050167F002B928A /* Sources */,
				CEEBF2402050167F002B928A /* Frameworks */,
				CEEBF2412050167F002B928A /* Resources */,
			);
			buildRules = (
			);
			dependencies = (
				CE76953D2057EBE7009E8B79 /* PBXTargetDependency */,
				CEEBF24920501680002B928A /* PBXTargetDependency */,
			);
			name = "Frome TownUITests";
			productName = "Frome TownUITests";
			productReference = CEEBF2432050167F002B928A /* Frome TownUITests.xctest */;
			productType = "com.apple.product-type.bundle.ui-testing";
		};
		CEEBF25020501691002B928A /* Frome TownTests */ = {
			isa = PBXNativeTarget;
			buildConfigurationList = CEEBF25820501692002B928A /* Build configuration list for PBXNativeTarget "Frome TownTests" */;
			buildPhases = (
				CEEBF24D20501691002B928A /* Sources */,
				CEEBF24E20501691002B928A /* Frameworks */,
				CEEBF24F20501691002B928A /* Resources */,
			);
			buildRules = (
			);
			dependencies = (
				CE76953F2057EBEE009E8B79 /* PBXTargetDependency */,
				CEEBF25720501692002B928A /* PBXTargetDependency */,
			);
			name = "Frome TownTests";
			productName = "Frome TownTests";
			productReference = CEEBF25120501691002B928A /* Frome TownTests.xctest */;
			productType = "com.apple.product-type.bundle.unit-test";
		};
/* End PBXNativeTarget section */

/* Begin PBXProject section */
		9798EA291F791B2F00106ABF /* Project object */ = {
			isa = PBXProject;
			attributes = {
				LastSwiftUpdateCheck = 0920;
				LastUpgradeCheck = 0900;
				ORGANIZATIONNAME = "Dan Turner";
				TargetAttributes = {
					9798EA301F791B2F00106ABF = {
						CreatedOnToolsVersion = 9.0;
						LastSwiftMigration = 0920;
						ProvisioningStyle = Automatic;
						SystemCapabilities = {
							com.apple.BackgroundModes = {
								enabled = 1;
							};
							com.apple.InterAppAudio = {
								enabled = 0;
							};
							com.apple.Keychain = {
								enabled = 1;
							};
							com.apple.Maps.iOS = {
								enabled = 0;
							};
							com.apple.Push = {
								enabled = 0;
							};
							com.apple.iCloud = {
								enabled = 0;
							};
						};
					};
					CEEBF2422050167F002B928A = {
						CreatedOnToolsVersion = 9.2;
						ProvisioningStyle = Automatic;
						TestTargetID = 9798EA301F791B2F00106ABF;
					};
					CEEBF25020501691002B928A = {
						CreatedOnToolsVersion = 9.2;
						ProvisioningStyle = Automatic;
						TestTargetID = 9798EA301F791B2F00106ABF;
					};
				};
			};
			buildConfigurationList = 9798EA2C1F791B2F00106ABF /* Build configuration list for PBXProject "Frome TownFCActualApp" */;
			compatibilityVersion = "Xcode 8.0";
			developmentRegion = en;
			hasScannedForEncodings = 0;
			knownRegions = (
				en,
				Base,
			);
			mainGroup = 9798EA281F791B2F00106ABF;
			productRefGroup = 9798EA321F791B2F00106ABF /* Products */;
			projectDirPath = "";
			projectRoot = "";
			targets = (
				9798EA301F791B2F00106ABF /* Frome Town */,
				CEEBF2422050167F002B928A /* Frome TownUITests */,
				CEEBF25020501691002B928A /* Frome TownTests */,
			);
		};
/* End PBXProject section */

/* Begin PBXResourcesBuildPhase section */
		9798EA2F1F791B2F00106ABF /* Resources */ = {
			isa = PBXResourcesBuildPhase;
			buildActionMask = 2147483647;
			files = (
				CEBA3172204D8C1700307059 /* InfoMain.plist in Resources */,
				CE3A15CC204D9DC800E5CF05 /* Main.storyboard in Resources */,
				CE769553205809A0009E8B79 /* FromeTown1LaunchScreen.storyboard in Resources */,
				CEB834ED204D7369000C83C1 /* IMAGES.xcassets in Resources */,
			);
			runOnlyForDeploymentPostprocessing = 0;
		};
		CEEBF2412050167F002B928A /* Resources */ = {
			isa = PBXResourcesBuildPhase;
			buildActionMask = 2147483647;
			files = (
				CEE0BC8320501B2100DA1A2D /* Frome TownUITests.xctest in Resources */,
			);
			runOnlyForDeploymentPostprocessing = 0;
		};
		CEEBF24F20501691002B928A /* Resources */ = {
			isa = PBXResourcesBuildPhase;
			buildActionMask = 2147483647;
			files = (
				CEE0BC8220501B1D00DA1A2D /* Frome TownTests.xctest in Resources */,
			);
			runOnlyForDeploymentPostprocessing = 0;
		};
/* End PBXResourcesBuildPhase section */

/* Begin PBXSourcesBuildPhase section */
		9798EA2D1F791B2F00106ABF /* Sources */ = {
			isa = PBXSourcesBuildPhase;
			buildActionMask = 2147483647;
			files = (
				CE517DFF2056CC8400076DF5 /* LeagueTableController.swift in Sources */,
				CEB834F8204D7560000C83C1 /* FirstViewController.swift in Sources */,
				CE76954B2057FD8D009E8B79 /* Videos1ViewController.swift in Sources */,
				CE0439F720516692000E23F3 /* FacebookPage1Controller.swift in Sources */,
				CEB834F2204D7552000C83C1 /* AppDelegate.swift in Sources */,
				CE180CE62051867D00DAB33F /* Player1ViewController.swift in Sources */,
				CE180CE220517ED900DAB33F /* Reports1ViewController.swift in Sources */,
				CE7695472057FC1A009E8B79 /* FromeTownRobinsFacebook1Controller.swift in Sources */,
				CE76954F205800B3009E8B79 /* RoundButton1.swift in Sources */,
				CE7695412057EEB9009E8B79 /* FromeTownLadies1ViewController.swift in Sources */,
				CE0439F920516FB5000E23F3 /* HistoryPage1Controller.swift in Sources */,
				CE7695452057FB15009E8B79 /* Instagram1ViewController.swift in Sources */,
				CE76954D2057FEF8009E8B79 /* Fourth1ViewController.swift in Sources */,
				CE7695432057F9AE009E8B79 /* FromeTownRobinsTwitter1Controller.swift in Sources */,
				CE180CEA205188A900DAB33F /* TwitterPage1Controller.swift in Sources */,
				CE769551205800EA009E8B79 /* RoundCorners1.swift in Sources */,
				CE517DFE2056C82500076DF5 /* Radio1ViewController.swift in Sources */,
			);
			runOnlyForDeploymentPostprocessing = 0;
		};
		CEEBF23F2050167F002B928A /* Sources */ = {
			isa = PBXSourcesBuildPhase;
			buildActionMask = 2147483647;
			files = (
				CEEBF2462050167F002B928A /* Frome_TownUITests.swift in Sources */,
			);
			runOnlyForDeploymentPostprocessing = 0;
		};
		CEEBF24D20501691002B928A /* Sources */ = {
			isa = PBXSourcesBuildPhase;
			buildActionMask = 2147483647;
			files = (
				CEEBF25420501692002B928A /* Frome_TownTests.swift in Sources */,
			);
			runOnlyForDeploymentPostprocessing = 0;
		};
/* End PBXSourcesBuildPhase section */

/* Begin PBXTargetDependency section */
		CE76953D2057EBE7009E8B79 /* PBXTargetDependency */ = {
			isa = PBXTargetDependency;
			target = CEEBF25020501691002B928A /* Frome TownTests */;
			targetProxy = CE76953C2057EBE7009E8B79 /* PBXContainerItemProxy */;
		};
		CE76953F2057EBEE009E8B79 /* PBXTargetDependency */ = {
			isa = PBXTargetDependency;
			target = CEEBF2422050167F002B928A /* Frome TownUITests */;
			targetProxy = CE76953E2057EBEE009E8B79 /* PBXContainerItemProxy */;
		};
		CEEBF24920501680002B928A /* PBXTargetDependency */ = {
			isa = PBXTargetDependency;
			target = 9798EA301F791B2F00106ABF /* Frome Town */;
			targetProxy = CEEBF24820501680002B928A /* PBXContainerItemProxy */;
		};
		CEEBF25720501692002B928A /* PBXTargetDependency */ = {
			isa = PBXTargetDependency;
			target = 9798EA301F791B2F00106ABF /* Frome Town */;
			targetProxy = CEEBF25620501692002B928A /* PBXContainerItemProxy */;
		};
/* End PBXTargetDependency section */

/* Begin PBXVariantGroup section */
		CE3A15CA204D9DC700E5CF05 /* Main.storyboard */ = {
			isa = PBXVariantGroup;
			children = (
				CE3A15CB204D9DC700E5CF05 /* Base */,
			);
			name = Main.storyboard;
			sourceTree = "<group>";
		};
/* End PBXVariantGroup section */

/* Begin XCBuildConfiguration section */
		9798EA4E1F791B2F00106ABF /* Debug */ = {
			isa = XCBuildConfiguration;
			buildSettings = {
				ALWAYS_SEARCH_USER_PATHS = NO;
				CLANG_ANALYZER_NONNULL = YES;
				CLANG_ANALYZER_NUMBER_OBJECT_CONVERSION = YES_AGGRESSIVE;
				CLANG_CXX_LANGUAGE_STANDARD = "gnu++14";
				CLANG_CXX_LIBRARY = "libc++";
				CLANG_ENABLE_MODULES = YES;
				CLANG_ENABLE_OBJC_ARC = YES;
				CLANG_WARN_BLOCK_CAPTURE_AUTORELEASING = YES;
				CLANG_WARN_BOOL_CONVERSION = YES;
				CLANG_WARN_COMMA = YES;
				CLANG_WARN_CONSTANT_CONVERSION = YES;
				CLANG_WARN_DIRECT_OBJC_ISA_USAGE = YES_ERROR;
				CLANG_WARN_DOCUMENTATION_COMMENTS = YES;
				CLANG_WARN_EMPTY_BODY = YES;
				CLANG_WARN_ENUM_CONVERSION = YES;
				CLANG_WARN_INFINITE_RECURSION = YES;
				CLANG_WARN_INT_CONVERSION = YES;
				CLANG_WARN_NON_LITERAL_NULL_CONVERSION = YES;
				CLANG_WARN_OBJC_LITERAL_CONVERSION = YES;
				CLANG_WARN_OBJC_ROOT_CLASS = YES_ERROR;
				CLANG_WARN_RANGE_LOOP_ANALYSIS = YES;
				CLANG_WARN_STRICT_PROTOTYPES = YES;
				CLANG_WARN_SUSPICIOUS_MOVE = YES;
				CLANG_WARN_UNGUARDED_AVAILABILITY = YES_AGGRESSIVE;
				CLANG_WARN_UNREACHABLE_CODE = YES;
				CLANG_WARN__DUPLICATE_METHOD_MATCH = YES;
				CODE_SIGN_IDENTITY = "iPhone Developer";
				COPY_PHASE_STRIP = NO;
				DEBUG_INFORMATION_FORMAT = dwarf;
				ENABLE_STRICT_OBJC_MSGSEND = YES;
				ENABLE_TESTABILITY = YES;
				GCC_C_LANGUAGE_STANDARD = gnu11;
				GCC_DYNAMIC_NO_PIC = NO;
				GCC_NO_COMMON_BLOCKS = YES;
				GCC_OPTIMIZATION_LEVEL = 0;
				GCC_PREPROCESSOR_DEFINITIONS = (
					"DEBUG=1",
					"$(inherited)",
				);
				GCC_WARN_64_TO_32_BIT_CONVERSION = YES;
				GCC_WARN_ABOUT_RETURN_TYPE = YES_ERROR;
				GCC_WARN_UNDECLARED_SELECTOR = YES;
				GCC_WARN_UNINITIALIZED_AUTOS = YES_AGGRESSIVE;
				GCC_WARN_UNUSED_FUNCTION = YES;
				GCC_WARN_UNUSED_VARIABLE = YES;
				IPHONEOS_DEPLOYMENT_TARGET = 11.0;
				MTL_ENABLE_DEBUG_INFO = YES;
				ONLY_ACTIVE_ARCH = YES;
				SDKROOT = iphoneos;
				SWIFT_ACTIVE_COMPILATION_CONDITIONS = DEBUG;
				SWIFT_OPTIMIZATION_LEVEL = "-Onone";
			};
			name = Debug;
		};
		9798EA4F1F791B2F00106ABF /* Release */ = {
			isa = XCBuildConfiguration;
			buildSettings = {
				ALWAYS_SEARCH_USER_PATHS = NO;
				CLANG_ANALYZER_NONNULL = YES;
				CLANG_ANALYZER_NUMBER_OBJECT_CONVERSION = YES_AGGRESSIVE;
				CLANG_CXX_LANGUAGE_STANDARD = "gnu++14";
				CLANG_CXX_LIBRARY = "libc++";
				CLANG_ENABLE_MODULES = YES;
				CLANG_ENABLE_OBJC_ARC = YES;
				CLANG_WARN_BLOCK_CAPTURE_AUTORELEASING = YES;
				CLANG_WARN_BOOL_CONVERSION = YES;
				CLANG_WARN_COMMA = YES;
				CLANG_WARN_CONSTANT_CONVERSION = YES;
				CLANG_WARN_DIRECT_OBJC_ISA_USAGE = YES_ERROR;
				CLANG_WARN_DOCUMENTATION_COMMENTS = YES;
				CLANG_WARN_EMPTY_BODY = YES;
				CLANG_WARN_ENUM_CONVERSION = YES;
				CLANG_WARN_INFINITE_RECURSION = YES;
				CLANG_WARN_INT_CONVERSION = YES;
				CLANG_WARN_NON_LITERAL_NULL_CONVERSION = YES;
				CLANG_WARN_OBJC_LITERAL_CONVERSION = YES;
				CLANG_WARN_OBJC_ROOT_CLASS = YES_ERROR;
				CLANG_WARN_RANGE_LOOP_ANALYSIS = YES;
				CLANG_WARN_STRICT_PROTOTYPES = YES;
				CLANG_WARN_SUSPICIOUS_MOVE = YES;
				CLANG_WARN_UNGUARDED_AVAILABILITY = YES_AGGRESSIVE;
				CLANG_WARN_UNREACHABLE_CODE = YES;
				CLANG_WARN__DUPLICATE_METHOD_MATCH = YES;
				CODE_SIGN_IDENTITY = "iPhone Developer";
				COPY_PHASE_STRIP = NO;
				DEBUG_INFORMATION_FORMAT = "dwarf-with-dsym";
				ENABLE_NS_ASSERTIONS = NO;
				ENABLE_STRICT_OBJC_MSGSEND = YES;
				GCC_C_LANGUAGE_STANDARD = gnu11;
				GCC_NO_COMMON_BLOCKS = YES;
				GCC_WARN_64_TO_32_BIT_CONVERSION = YES;
				GCC_WARN_ABOUT_RETURN_TYPE = YES_ERROR;
				GCC_WARN_UNDECLARED_SELECTOR = YES;
				GCC_WARN_UNINITIALIZED_AUTOS = YES_AGGRESSIVE;
				GCC_WARN_UNUSED_FUNCTION = YES;
				GCC_WARN_UNUSED_VARIABLE = YES;
				IPHONEOS_DEPLOYMENT_TARGET = 11.0;
				MTL_ENABLE_DEBUG_INFO = NO;
				SDKROOT = iphoneos;
				SWIFT_OPTIMIZATION_LEVEL = "-Onone";
				VALIDATE_PRODUCT = YES;
			};
			name = Release;
		};
		9798EA511F791B2F00106ABF /* Debug */ = {
			isa = XCBuildConfiguration;
			buildSettings = {
				ALWAYS_EMBED_SWIFT_STANDARD_LIBRARIES = YES;
				ASSETCATALOG_COMPILER_APPICON_NAME = "AppIcon-1";
				CLANG_ENABLE_MODULES = YES;
				CODE_SIGN_ENTITLEMENTS = "Frome Town.entitlements";
				CODE_SIGN_IDENTITY = "iPhone Developer";
				"CODE_SIGN_IDENTITY[sdk=iphoneos*]" = "iPhone Developer";
				CODE_SIGN_STYLE = Automatic;
				DEVELOPMENT_TEAM = SHU39HZYKT;
				INFOPLIST_FILE = "$(SRCROOT)/../Frome-Town/Frome Town/InfoMain.plist";
				IPHONEOS_DEPLOYMENT_TARGET = 11.0;
				LD_RUNPATH_SEARCH_PATHS = "$(inherited) @executable_path/Frameworks";
				PRODUCT_BUNDLE_IDENTIFIER = com.FromeTownFC.FromeTown;
				PRODUCT_NAME = "$(TARGET_NAME)";
				PROVISIONING_PROFILE_SPECIFIER = "";
				SWIFT_OPTIMIZATION_LEVEL = "-Onone";
				SWIFT_VERSION = 4.0;
				TARGETED_DEVICE_FAMILY = 1;
			};
			name = Debug;
		};
		9798EA521F791B2F00106ABF /* Release */ = {
			isa = XCBuildConfiguration;
			buildSettings = {
				ALWAYS_EMBED_SWIFT_STANDARD_LIBRARIES = YES;
				ASSETCATALOG_COMPILER_APPICON_NAME = "AppIcon-1";
				CLANG_ENABLE_MODULES = YES;
				CODE_SIGN_ENTITLEMENTS = "Frome Town.entitlements";
				CODE_SIGN_IDENTITY = "iPhone Developer";
				"CODE_SIGN_IDENTITY[sdk=iphoneos*]" = "iPhone Developer";
				CODE_SIGN_STYLE = Automatic;
				DEVELOPMENT_TEAM = SHU39HZYKT;
				INFOPLIST_FILE = "$(SRCROOT)/../Frome-Town/Frome Town/InfoMain.plist";
				IPHONEOS_DEPLOYMENT_TARGET = 11.0;
				LD_RUNPATH_SEARCH_PATHS = "$(inherited) @executable_path/Frameworks";
				PRODUCT_BUNDLE_IDENTIFIER = com.FromeTownFC.FromeTown;
				PRODUCT_NAME = "$(TARGET_NAME)";
				PROVISIONING_PROFILE_SPECIFIER = "";
				SWIFT_OPTIMIZATION_LEVEL = "-Onone";
				SWIFT_VERSION = 4.0;
				TARGETED_DEVICE_FAMILY = 1;
			};
			name = Release;
		};
		CEEBF24B20501680002B928A /* Debug */ = {
			isa = XCBuildConfiguration;
			buildSettings = {
				CODE_SIGN_STYLE = Automatic;
				DEVELOPMENT_TEAM = SHU39HZYKT;
				INFOPLIST_FILE = "Frome TownUITests/Info.plist";
				IPHONEOS_DEPLOYMENT_TARGET = 11.2;
				LD_RUNPATH_SEARCH_PATHS = "$(inherited) @executable_path/Frameworks @loader_path/Frameworks";
				PRODUCT_BUNDLE_IDENTIFIER = "FromeTownFC.Frome-TownUITests";
				PRODUCT_NAME = "$(TARGET_NAME)";
				SWIFT_VERSION = 4.0;
				TARGETED_DEVICE_FAMILY = "1,2";
				TEST_TARGET_NAME = "Frome Town";
			};
			name = Debug;
		};
		CEEBF24C20501680002B928A /* Release */ = {
			isa = XCBuildConfiguration;
			buildSettings = {
				CODE_SIGN_STYLE = Automatic;
				DEVELOPMENT_TEAM = SHU39HZYKT;
				INFOPLIST_FILE = "Frome TownUITests/Info.plist";
				IPHONEOS_DEPLOYMENT_TARGET = 11.2;
				LD_RUNPATH_SEARCH_PATHS = "$(inherited) @executable_path/Frameworks @loader_path/Frameworks";
				PRODUCT_BUNDLE_IDENTIFIER = "FromeTownFC.Frome-TownUITests";
				PRODUCT_NAME = "$(TARGET_NAME)";
				SWIFT_OPTIMIZATION_LEVEL = "-Owholemodule";
				SWIFT_VERSION = 4.0;
				TARGETED_DEVICE_FAMILY = "1,2";
				TEST_TARGET_NAME = "Frome Town";
			};
			name = Release;
		};
		CEEBF25920501692002B928A /* Debug */ = {
			isa = XCBuildConfiguration;
			buildSettings = {
				BUNDLE_LOADER = "$(TEST_HOST)";
				CODE_SIGN_STYLE = Automatic;
				DEVELOPMENT_TEAM = SHU39HZYKT;
				INFOPLIST_FILE = "Frome TownTests/Info.plist";
				IPHONEOS_DEPLOYMENT_TARGET = 11.2;
				LD_RUNPATH_SEARCH_PATHS = "$(inherited) @executable_path/Frameworks @loader_path/Frameworks";
				PRODUCT_BUNDLE_IDENTIFIER = "FromeTownFC.Frome-TownTests";
				PRODUCT_NAME = "$(TARGET_NAME)";
				SWIFT_VERSION = 4.0;
				TARGETED_DEVICE_FAMILY = "1,2";
				TEST_HOST = "$(BUILT_PRODUCTS_DIR)/Frome Town.app/Frome Town";
			};
			name = Debug;
		};
		CEEBF25A20501692002B928A /* Release */ = {
			isa = XCBuildConfiguration;
			buildSettings = {
				BUNDLE_LOADER = "$(TEST_HOST)";
				CODE_SIGN_STYLE = Automatic;
				DEVELOPMENT_TEAM = SHU39HZYKT;
				INFOPLIST_FILE = "Frome TownTests/Info.plist";
				IPHONEOS_DEPLOYMENT_TARGET = 11.2;
				LD_RUNPATH_SEARCH_PATHS = "$(inherited) @executable_path/Frameworks @loader_path/Frameworks";
				PRODUCT_BUNDLE_IDENTIFIER = "FromeTownFC.Frome-TownTests";
				PRODUCT_NAME = "$(TARGET_NAME)";
				SWIFT_OPTIMIZATION_LEVEL = "-Owholemodule";
				SWIFT_VERSION = 4.0;
				TARGETED_DEVICE_FAMILY = "1,2";
				TEST_HOST = "$(BUILT_PRODUCTS_DIR)/Frome Town.app/Frome Town";
			};
			name = Release;
		};
/* End XCBuildConfiguration section */

/* Begin XCConfigurationList section */
		9798EA2C1F791B2F00106ABF /* Build configuration list for PBXProject "Frome TownFCActualApp" */ = {
			isa = XCConfigurationList;
			buildConfigurations = (
				9798EA4E1F791B2F00106ABF /* Debug */,
				9798EA4F1F791B2F00106ABF /* Release */,
			);
			defaultConfigurationIsVisible = 0;
			defaultConfigurationName = Release;
		};
		9798EA501F791B2F00106ABF /* Build configuration list for PBXNativeTarget "Frome Town" */ = {
			isa = XCConfigurationList;
			buildConfigurations = (
				9798EA511F791B2F00106ABF /* Debug */,
				9798EA521F791B2F00106ABF /* Release */,
			);
			defaultConfigurationIsVisible = 0;
			defaultConfigurationName = Release;
		};
		CEEBF24A20501680002B928A /* Build configuration list for PBXNativeTarget "Frome TownUITests" */ = {
			isa = XCConfigurationList;
			buildConfigurations = (
				CEEBF24B20501680002B928A /* Debug */,
				CEEBF24C20501680002B928A /* Release */,
			);
			defaultConfigurationIsVisible = 0;
			defaultConfigurationName = Release;
		};
		CEEBF25820501692002B928A /* Build configuration list for PBXNativeTarget "Frome TownTests" */ = {
			isa = XCConfigurationList;
			buildConfigurations = (
				CEEBF25920501692002B928A /* Debug */,
				CEEBF25A20501692002B928A /* Release */,
			);
			defaultConfigurationIsVisible = 0;
			defaultConfigurationName = Release;
		};
/* End XCConfigurationList section */
	};
	rootObject = 9798EA291F791B2F00106ABF /* Project object */;
}
